
Microsoft Visual Studio Solution File, Format Version 12.00
# Visual Studio Version 17
VisualStudioVersion = 17.5.33627.172
MinimumVisualStudioVersion = 10.0.40219.1
Project("{FAE04EC0-301F-11D3-BF4B-00C04F79EFBC}") = "CSSupportTool", "CSSupportTool\CSSupportTool.csproj", "{606BA96D-DF93-46BF-A2DA-3AA249DA25BE}"
EndProject
Project("{888888A0-9F3D-457C-B088-3A5042F75D52}") = "CSSupportToolPy", "CSSupportToolPy\CSSupportToolPy.pyproj", "{B4A509FF-13CE-4FD0-9D20-B89A2EC96A76}"
EndProject
Global
	GlobalSection(SolutionConfigurationPlatforms) = preSolution
		Debug|Any CPU = Debug|Any CPU
		Release|Any CPU = Release|Any CPU
	EndGlobalSection
	GlobalSection(ProjectConfigurationPlatforms) = postSolution
		{606BA96D-DF93-46BF-A2DA-3AA249DA25BE}.Debug|Any CPU.ActiveCfg = Debug|Any CPU
		{606BA96D-DF93-46BF-A2DA-3AA249DA25BE}.Debug|Any CPU.Build.0 = Debug|Any CPU
		{606BA96D-DF93-46BF-A2DA-3AA249DA25BE}.Release|Any CPU.ActiveCfg = Release|Any CPU
		{606BA96D-DF93-46BF-A2DA-3AA249DA25BE}.Release|Any CPU.Build.0 = Release|Any CPU
		{B4A509FF-13CE-4FD0-9D20-B89A2EC96A76}.Debug|Any CPU.ActiveCfg = Debug|Any CPU
		{B4A509FF-13CE-4FD0-9D20-B89A2EC96A76}.Release|Any CPU.ActiveCfg = Release|Any CPU
	EndGlobalSection
	GlobalSection(SolutionProperties) = preSolution
		HideSolutionNode = FALSE
	EndGlobalSection
	GlobalSection(ExtensibilityGlobals) = postSolution
		SolutionGuid = {8D918B23-8DB5-4AC7-A18D-678B2CA8A441}
	EndGlobalSection
EndGlobal
